# THIS IS AN AUTOGENERATED FILE. DO NOT EDIT THIS FILE DIRECTLY.
# yarn lockfile v1


async@~0.2.6:
  version "0.2.10"
  resolved "https://registry.yarnpkg.com/async/-/async-0.2.10.tgz#b6bbe0b0674b9d719708ca38de8c237cb526c3d1"

commander@^2.9.0:
  version "2.9.0"
  resolved "https://registry.yarnpkg.com/commander/-/commander-2.9.0.tgz#9c99094176e12240cb22d6c5146098400fe0f7d4"
  dependencies:
    graceful-readlink ">= 1.0.0"

etc-passwd@0.0.1:
  version "0.0.1"
  resolved "https://registry.yarnpkg.com/etc-passwd/-/etc-passwd-0.0.1.tgz#d65a9c18be2219a54e37a6eab6fa7255a5d32b60"
  dependencies:
    lazylines "= 1.0.0"

fs-extra@^2.0.0:
  version "2.0.0"
  resolved "https://registry.yarnpkg.com/fs-extra/-/fs-extra-2.0.0.tgz#337352bded4a0b714f3eb84de8cea765e9d37600"
  dependencies:
    graceful-fs "^4.1.2"
    jsonfile "^2.1.0"

graceful-fs@^4.1.2, graceful-fs@^4.1.6:
  version "4.1.11"
  resolved "https://registry.yarnpkg.com/graceful-fs/-/graceful-fs-4.1.11.tgz#0e8bdfe4d1ddb8854d64e04ea7c00e2a026e5658"

"graceful-readlink@>= 1.0.0":
  version "1.0.1"
  resolved "https://registry.yarnpkg.com/graceful-readlink/-/graceful-readlink-1.0.1.tgz#4cafad76bc62f02fa039b2f94e9a3dd3a391a725"

ini@~1.1.0:
  version "1.1.0"
  resolved "https://registry.yarnpkg.com/ini/-/ini-1.1.0.tgz#4e808c2ce144c6c1788918e034d6797bc6cf6281"

jsonfile@^2.1.0:
  version "2.4.0"
  resolved "https://registry.yarnpkg.com/jsonfile/-/jsonfile-2.4.0.tgz#3736a2b428b87bbda0cc83b53fa3d633a35c2ae8"
  optionalDependencies:
    graceful-fs "^4.1.6"

"lazylines@= 1.0.0":
  version "1.0.0"
  resolved "https://registry.yarnpkg.com/lazylines/-/lazylines-1.0.0.tgz#2e77bd82e45913656d6e32bc5d9a6dfbf176edfb"

program@^0.0.0-12:
  version "0.0.0-12"
  resolved "https://registry.yarnpkg.com/program/-/program-0.0.0-12.tgz#d11f6c1cf8411a8309b10a054cddd0acd2eac499"
  dependencies:
    async "~0.2.6"
    ini "~1.1.0"
    tilde-expansion "0.0.0"

tilde-expansion@0.0.0:
  version "0.0.0"
  resolved "https://registry.yarnpkg.com/tilde-expansion/-/tilde-expansion-0.0.0.tgz#8beb9b5ee58fc29cd0ec3849137d4843b5f77094"
  dependencies:
    etc-passwd "0.0.1"
